
Microsoft Visual Studio Solution File, Format Version 12.00
# Visual Studio Version 17
VisualStudioVersion = 17.9.34728.123
MinimumVisualStudioVersion = 10.0.40219.1
Project("{FAE04EC0-301F-11D3-BF4B-00C04F79EFBC}") = "Phone Service Center", "Phone Service Center\Phone Service Center.csproj", "{3CD88AD2-9590-45C6-B74F-50BD5AEB6E57}"
EndProject
Global
	GlobalSection(SolutionConfigurationPlatforms) = preSolution
		Debug|Any CPU = Debug|Any CPU
		Release|Any CPU = Release|Any CPU
	EndGlobalSection
	GlobalSection(ProjectConfigurationPlatforms) = postSolution
		{3CD88AD2-9590-45C6-B74F-50BD5AEB6E57}.Debug|Any CPU.ActiveCfg = Debug|Any CPU
		{3CD88AD2-9590-45C6-B74F-50BD5AEB6E57}.Debug|Any CPU.Build.0 = Debug|Any CPU
		{3CD88AD2-9590-45C6-B74F-50BD5AEB6E57}.Release|Any CPU.ActiveCfg = Release|Any CPU
		{3CD88AD2-9590-45C6-B74F-50BD5AEB6E57}.Release|Any CPU.Build.0 = Release|Any CPU
	EndGlobalSection
	GlobalSection(SolutionProperties) = preSolution
		HideSolutionNode = FALSE
	EndGlobalSection
	GlobalSection(ExtensibilityGlobals) = postSolution
		SolutionGuid = {6A9E9DB1-EACD-46B9-AD35-0EC02635BCF8}
	EndGlobalSection
EndGlobal
